
Microsoft Visual Studio Solution File, Format Version 12.00
# Visual Studio Version 17
VisualStudioVersion = 17.4.33403.182
MinimumVisualStudioVersion = 10.0.40219.1
Project("{8BC9CEB8-8B4A-11D0-8D11-00A0C91BC942}") = "判断是否为幂c++", "判断是否为幂c++\判断是否为幂c++.vcxproj", "{42452908-459D-44C8-A2C6-73C902D0A481}"
EndProject
Global
	GlobalSection(SolutionConfigurationPlatforms) = preSolution
		Debug|x64 = Debug|x64
		Debug|x86 = Debug|x86
		Release|x64 = Release|x64
		Release|x86 = Release|x86
	EndGlobalSection
	GlobalSection(ProjectConfigurationPlatforms) = postSolution
		{42452908-459D-44C8-A2C6-73C902D0A481}.Debug|x64.ActiveCfg = Debug|x64
		{42452908-459D-44C8-A2C6-73C902D0A481}.Debug|x64.Build.0 = Debug|x64
		{42452908-459D-44C8-A2C6-73C902D0A481}.Debug|x86.ActiveCfg = Debug|Win32
		{42452908-459D-44C8-A2C6-73C902D0A481}.Debug|x86.Build.0 = Debug|Win32
		{42452908-459D-44C8-A2C6-73C902D0A481}.Release|x64.ActiveCfg = Release|x64
		{42452908-459D-44C8-A2C6-73C902D0A481}.Release|x64.Build.0 = Release|x64
		{42452908-459D-44C8-A2C6-73C902D0A481}.Release|x86.ActiveCfg = Release|Win32
		{42452908-459D-44C8-A2C6-73C902D0A481}.Release|x86.Build.0 = Release|Win32
	EndGlobalSection
	GlobalSection(SolutionProperties) = preSolution
		HideSolutionNode = FALSE
	EndGlobalSection
	GlobalSection(ExtensibilityGlobals) = postSolution
		SolutionGuid = {2CAB24C3-C0AC-42D4-B736-4E978960BCE4}
	EndGlobalSection
EndGlobal
