
Microsoft Visual Studio Solution File, Format Version 12.00
# Visual Studio Version 17
VisualStudioVersion = 17.4.33403.182
MinimumVisualStudioVersion = 10.0.40219.1
Project("{8BC9CEB8-8B4A-11D0-8D11-00A0C91BC942}") = "含相同的值的成绩计数C", "含相同的值的成绩计数C\含相同的值的成绩计数C.vcxproj", "{26A5DA12-4298-4312-BD96-1058BAF08D29}"
EndProject
Global
	GlobalSection(SolutionConfigurationPlatforms) = preSolution
		Debug|x64 = Debug|x64
		Debug|x86 = Debug|x86
		Release|x64 = Release|x64
		Release|x86 = Release|x86
	EndGlobalSection
	GlobalSection(ProjectConfigurationPlatforms) = postSolution
		{26A5DA12-4298-4312-BD96-1058BAF08D29}.Debug|x64.ActiveCfg = Debug|x64
		{26A5DA12-4298-4312-BD96-1058BAF08D29}.Debug|x64.Build.0 = Debug|x64
		{26A5DA12-4298-4312-BD96-1058BAF08D29}.Debug|x86.ActiveCfg = Debug|Win32
		{26A5DA12-4298-4312-BD96-1058BAF08D29}.Debug|x86.Build.0 = Debug|Win32
		{26A5DA12-4298-4312-BD96-1058BAF08D29}.Release|x64.ActiveCfg = Release|x64
		{26A5DA12-4298-4312-BD96-1058BAF08D29}.Release|x64.Build.0 = Release|x64
		{26A5DA12-4298-4312-BD96-1058BAF08D29}.Release|x86.ActiveCfg = Release|Win32
		{26A5DA12-4298-4312-BD96-1058BAF08D29}.Release|x86.Build.0 = Release|Win32
	EndGlobalSection
	GlobalSection(SolutionProperties) = preSolution
		HideSolutionNode = FALSE
	EndGlobalSection
	GlobalSection(ExtensibilityGlobals) = postSolution
		SolutionGuid = {58F60AFE-C59D-4EF9-A51A-EF9672A3B859}
	EndGlobalSection
EndGlobal
