
Microsoft Visual Studio Solution File, Format Version 12.00
# Visual Studio Version 17
VisualStudioVersion = 17.4.33403.182
MinimumVisualStudioVersion = 10.0.40219.1
Project("{8BC9CEB8-8B4A-11D0-8D11-00A0C91BC942}") = "统计数组中符合要求的数据个数", "统计数组中符合要求的数据个数\统计数组中符合要求的数据个数.vcxproj", "{E2BF4D57-AE2A-4C96-85C1-FDDFB82FA3F5}"
EndProject
Global
	GlobalSection(SolutionConfigurationPlatforms) = preSolution
		Debug|x64 = Debug|x64
		Debug|x86 = Debug|x86
		Release|x64 = Release|x64
		Release|x86 = Release|x86
	EndGlobalSection
	GlobalSection(ProjectConfigurationPlatforms) = postSolution
		{E2BF4D57-AE2A-4C96-85C1-FDDFB82FA3F5}.Debug|x64.ActiveCfg = Debug|x64
		{E2BF4D57-AE2A-4C96-85C1-FDDFB82FA3F5}.Debug|x64.Build.0 = Debug|x64
		{E2BF4D57-AE2A-4C96-85C1-FDDFB82FA3F5}.Debug|x86.ActiveCfg = Debug|Win32
		{E2BF4D57-AE2A-4C96-85C1-FDDFB82FA3F5}.Debug|x86.Build.0 = Debug|Win32
		{E2BF4D57-AE2A-4C96-85C1-FDDFB82FA3F5}.Release|x64.ActiveCfg = Release|x64
		{E2BF4D57-AE2A-4C96-85C1-FDDFB82FA3F5}.Release|x64.Build.0 = Release|x64
		{E2BF4D57-AE2A-4C96-85C1-FDDFB82FA3F5}.Release|x86.ActiveCfg = Release|Win32
		{E2BF4D57-AE2A-4C96-85C1-FDDFB82FA3F5}.Release|x86.Build.0 = Release|Win32
	EndGlobalSection
	GlobalSection(SolutionProperties) = preSolution
		HideSolutionNode = FALSE
	EndGlobalSection
	GlobalSection(ExtensibilityGlobals) = postSolution
		SolutionGuid = {402A35B5-457E-415D-8042-DC10EBD7AD41}
	EndGlobalSection
EndGlobal
